
Microsoft Visual Studio Solution File, Format Version 12.00
# Visual Studio 15
VisualStudioVersion = 15.0.28010.2041
MinimumVisualStudioVersion = 10.0.40219.1
Project("{FAE04EC0-301F-11D3-BF4B-00C04F79EFBC}") = "SamuraiApp.Data", "SamuraiApp.Data\SamuraiApp.Data.csproj", "{D8C62327-BAAB-44B1-B68F-6D5516157ADD}"
EndProject
Project("{FAE04EC0-301F-11D3-BF4B-00C04F79EFBC}") = "SomeUI", "SomeUI\SomeUI.csproj", "{CC355D82-25E3-4B55-8630-BF4C4D72EAF0}"
EndProject
Project("{FAE04EC0-301F-11D3-BF4B-00C04F79EFBC}") = "SamuraiApp.Domain", "SamuraiApp.Domain\SamuraiApp.Domain.csproj", "{2D585146-603D-495D-87DE-B5066B1B29CD}"
EndProject
Global
	GlobalSection(SolutionConfigurationPlatforms) = preSolution
		Debug|Any CPU = Debug|Any CPU
		Release|Any CPU = Release|Any CPU
	EndGlobalSection
	GlobalSection(ProjectConfigurationPlatforms) = postSolution
		{D8C62327-BAAB-44B1-B68F-6D5516157ADD}.Debug|Any CPU.ActiveCfg = Debug|Any CPU
		{D8C62327-BAAB-44B1-B68F-6D5516157ADD}.Debug|Any CPU.Build.0 = Debug|Any CPU
		{D8C62327-BAAB-44B1-B68F-6D5516157ADD}.Release|Any CPU.ActiveCfg = Release|Any CPU
		{D8C62327-BAAB-44B1-B68F-6D5516157ADD}.Release|Any CPU.Build.0 = Release|Any CPU
		{CC355D82-25E3-4B55-8630-BF4C4D72EAF0}.Debug|Any CPU.ActiveCfg = Debug|Any CPU
		{CC355D82-25E3-4B55-8630-BF4C4D72EAF0}.Debug|Any CPU.Build.0 = Debug|Any CPU
		{CC355D82-25E3-4B55-8630-BF4C4D72EAF0}.Release|Any CPU.ActiveCfg = Release|Any CPU
		{CC355D82-25E3-4B55-8630-BF4C4D72EAF0}.Release|Any CPU.Build.0 = Release|Any CPU
		{2D585146-603D-495D-87DE-B5066B1B29CD}.Debug|Any CPU.ActiveCfg = Debug|Any CPU
		{2D585146-603D-495D-87DE-B5066B1B29CD}.Debug|Any CPU.Build.0 = Debug|Any CPU
		{2D585146-603D-495D-87DE-B5066B1B29CD}.Release|Any CPU.ActiveCfg = Release|Any CPU
		{2D585146-603D-495D-87DE-B5066B1B29CD}.Release|Any CPU.Build.0 = Release|Any CPU
	EndGlobalSection
	GlobalSection(SolutionProperties) = preSolution
		HideSolutionNode = FALSE
	EndGlobalSection
	GlobalSection(ExtensibilityGlobals) = postSolution
		SolutionGuid = {5ABAE347-194B-4C33-B378-D59E458538AF}
	EndGlobalSection
EndGlobal
